<?xml version="1.0" encoding="utf-8"?>
<Project ToolsVersion="4.0" xmlns="http://schemas.microsoft.com/developer/msbuild/2003">
  <ItemGroup>
    <ClInclude Include="Window.h" />
    <ClInclude Include="Symbols.h" />
    <ClInclude Include="Graphics\Model.h" />
    <ClInclude Include="Graphics\Renderer.h" />
    <ClInclude Include="Graphics\Program.h" />
    <ClInclude Include="Graphics\VertexBuffer.h" />
    <ClInclude Include="Graphics\Vertex.h" />
    <ClInclude Include="Graphics\Texture.h" />
    <ClInclude Include="Graphics\Mesh.h" />
    <ClInclude Include="Graphics\ElementBuffer.h" />
    <ClInclude Include="Graphics\UniformBuffer.h" />
    <ClInclude Include="IO\File.h" />
    <ClInclude Include="Graphics\Camera.h" />
    <ClInclude Include="Graphics\Colors.h" />
    <ClInclude Include="Graphics\TestMesh.h" />
    <ClInclude Include="Graphics\ModelMatrix.h" />
    <ClInclude Include="Graphics\ProjectionMatrix.h" />
    <ClInclude Include="Graphics\ViewMatrix.h" />
    <ClInclude Include="Graphics\ExternalTexture.h" />
    <ClInclude Include="Graphics\ITexture.h" />
    <ClInclude Include="Graphics\MemoryMappedTexture.h" />
    <ClInclude Include="Graphics\IMovable.h" />
  </ItemGroup>
  <ItemGroup>
    <ClCompile Include="Window.cpp" />
    <ClCompile Include="Main.cpp" />
    <ClCompile Include="Graphics\Model.cpp" />
    <ClCompile Include="Graphics\Renderer.cpp" />
    <ClCompile Include="Graphics\Program.cpp" />
    <ClCompile Include="Graphics\VertexBuffer.cpp" />
    <ClCompile Include="Graphics\Mesh.cpp" />
    <ClCompile Include="Graphics\ElementBuffer.cpp" />
    <ClCompile Include="Graphics\UniformBuffer.cpp" />
    <ClCompile Include="Graphics\Texture.cpp" />
    <ClCompile Include="IO\File.cpp" />
    <ClCompile Include="Graphics\Camera.cpp" />
    <ClCompile Include="Graphics\Colors.cpp" />
    <ClCompile Include="Graphics\TestMesh.cpp" />
  </ItemGroup>
  <ItemGroup>
    <Text Include="vert.txt" />
    <Text Include="frag.txt" />
  </ItemGroup>
  <ItemGroup>
    <None Include="cube.ply" />
  </ItemGroup>
</Project>