<?xml version="1.0" encoding="utf-8"?>
<Project ToolsVersion="4.0" xmlns="http://schemas.microsoft.com/developer/msbuild/2003">
  <ItemGroup>
    <ClInclude Include="Symbols.h" />
    <ClInclude Include="Graphics\Renderer.h" />
    <ClInclude Include="Graphics\UniformBuffer.h" />
    <ClInclude Include="IO\File.h" />
    <ClInclude Include="Graphics\Camera.h" />
    <ClInclude Include="Graphics\Colors.h" />
    <ClInclude Include="Graphics\Textures\ITexture.h" />
    <ClInclude Include="Graphics\Textures\CubeMap.h" />
    <ClInclude Include="Graphics\Textures\Texture2D.h" />
    <ClInclude Include="Graphics\Buffers\FrameBuffer.h" />
    <ClInclude Include="Graphics\Buffers\IBuffer.h" />
    <ClInclude Include="Graphics\Objects\Skybox\Skybox.h" />
    <ClInclude Include="Graphics\Objects\IObject.h" />
    <ClInclude Include="Graphics\Matrices\ModelMatrix.h" />
    <ClInclude Include="Graphics\Matrices\ProjectionMatrix.h" />
    <ClInclude Include="Graphics\Matrices\ViewMatrix.h" />
    <ClInclude Include="Graphics\Buffers\VertexBuffer.h" />
    <ClInclude Include="Graphics\Buffers\ElementBuffer.h" />
    <ClInclude Include="Graphics\Buffers\Vertex.h" />
    <ClInclude Include="Graphics\Objects\Cameras\CameraManager.h" />
    <ClInclude Include="Graphics\Objects\Cameras\FixedCamera.h" />
    <ClInclude Include="Graphics\Objects\Cameras\FreeCamera.h" />
    <ClInclude Include="Graphics\Objects\Cameras\ICamera.h" />
    <ClInclude Include="Graphics\Objects\Cameras\PivotCamera.h" />
    <ClInclude Include="Graphics\Textures\Atlas.h" />
    <ClInclude Include="Graphics\Objects\Sources\LightSource\LightSource.h" />
    <ClInclude Include="Graphics\Objects\Sources\AudioSource\AudioSource.h" />
    <ClInclude Include="Graphics\DepthStencil.h" />
    <ClInclude Include="Graphics\Objects\Model\Model.h" />
    <ClInclude Include="Graphics\Objects\Model\Mesh.h" />
    <ClInclude Include="Graphics\Shaders\ShaderProgram.h" />
    <ClInclude Include="Graphics\Buffer.h" />
    <ClInclude Include="Graphics\Material.h" />
    <ClInclude Include="IO\Image.h" />
    <ClInclude Include="Graphics\GraphicsInclude.h" />
    <ClInclude Include="Graphics\Shader.h" />
    <ClInclude Include="System\Keyboard.h" />
    <ClInclude Include="System\Mouse.h" />
    <ClInclude Include="System\Joystick.h" />
    <ClInclude Include="System\Window.h" />
    <ClInclude Include="System\GameWindow.h" />
    <ClInclude Include="Graphics\Program.h" />
    <ClInclude Include="Graphics\Sampler.h" />
  </ItemGroup>
  <ItemGroup>
    <ClCompile Include="Main.cpp" />
    <ClCompile Include="Graphics\Renderer.cpp" />
    <ClCompile Include="Graphics\UniformBuffer.cpp" />
    <ClCompile Include="IO\File.cpp" />
    <ClCompile Include="Graphics\Camera.cpp" />
    <ClCompile Include="Graphics\Colors.cpp" />
    <ClCompile Include="Graphics\Textures\CubeMap.cpp" />
    <ClCompile Include="Graphics\Textures\Texture2D.cpp" />
    <ClCompile Include="Graphics\Buffers\FrameBuffer.cpp" />
    <ClCompile Include="Graphics\Objects\Skybox\Skybox.cpp" />
    <ClCompile Include="Graphics\Buffers\VertexBuffer.cpp" />
    <ClCompile Include="Graphics\Buffers\ElementBuffer.cpp" />
    <ClCompile Include="Graphics\Objects\Cameras\CameraManager.cpp" />
    <ClCompile Include="Graphics\Objects\Cameras\PivotCamera.cpp" />
    <ClCompile Include="Graphics\Textures\Atlas.cpp" />
    <ClCompile Include="Graphics\Objects\Model\Model.cpp" />
    <ClCompile Include="Graphics\Objects\Model\Mesh.cpp" />
    <ClCompile Include="Graphics\Shaders\ShaderProgram.cpp" />
    <ClCompile Include="System\Window.cpp" />
    <ClCompile Include="System\GameWindow.cpp" />
    <ClCompile Include="Graphics\Program.cpp" />
  </ItemGroup>
  <ItemGroup>
    <Text Include="vert.txt" />
    <Text Include="frag.txt" />
  </ItemGroup>
</Project>